{
  "name": "test-project",
  "version": "1.0.0",
  "lockfileVersion": 3,
  "requires": true,
  "packages": {
    "": {
      "name": "test-project",
      "version": "1.0.0",
      "dependencies": {
        "express": "^4.21.0",
        "lodash": "^4.17.21"
      }
    },
    "node_modules/express": {
      "version": "4.21.0",
      "resolved": "https://registry.npmjs.org/express/-/express-4.21.0.tgz",
      "integrity": "sha512-test123"
    },
    "node_modules/lodash": {
      "version": "4.17.21",
      "resolved": "https://registry.npmjs.org/lodash/-/lodash-4.17.21.tgz",
      "integrity": "sha512-test456"
    }
  }
}